// !$*UTF8*$!
{
	archiveVersion = 1;
	classes = {
	};
	objectVersion = 46;
	objects = {

/* Begin PBXBuildFile section */
		7007B2351A101C4800169DB4 /* Social.framework in Frameworks */ = {isa = PBXBuildFile; fileRef = 7007B2341A101C4800169DB4 /* Social.framework */; };
		7007B23D1A13D25800169DB4 /* CNSalesPitch.m in Sources */ = {isa = PBXBuildFile; fileRef = 7007B23C1A13D25800169DB4 /* CNSalesPitch.m */; };
		70320134199719950032F16B /* UIFont+CNAdditions.m in Sources */ = {isa = PBXBuildFile; fileRef = 70320133199719950032F16B /* UIFont+CNAdditions.m */; };
		70320137199722320032F16B /* CNCourseDetailsViewController.m in Sources */ = {isa = PBXBuildFile; fileRef = 70320136199722320032F16B /* CNCourseDetailsViewController.m */; };
		7032013A199736EF0032F16B /* CNSiongNavigationView.m in Sources */ = {isa = PBXBuildFile; fileRef = 70320139199736EF0032F16B /* CNSiongNavigationView.m */; };
		7032013D1997F8C40032F16B /* CNCourseDetailsTableViewCell.m in Sources */ = {isa = PBXBuildFile; fileRef = 7032013C1997F8C40032F16B /* CNCourseDetailsTableViewCell.m */; };
		70557115197B1ED7008F66F1 /* StoreKit.framework in Frameworks */ = {isa = PBXBuildFile; fileRef = 70557114197B1ED7008F66F1 /* StoreKit.framework */; };
		70557118197B1F1E008F66F1 /* CNInAppPurchaseManager.m in Sources */ = {isa = PBXBuildFile; fileRef = 70557117197B1F1E008F66F1 /* CNInAppPurchaseManager.m */; };
		7055711B19858293008F66F1 /* CNWelcomeViewController.m in Sources */ = {isa = PBXBuildFile; fileRef = 7055711A19858293008F66F1 /* CNWelcomeViewController.m */; };
		7055712419861A85008F66F1 /* CNSiongNavigationViewController.m in Sources */ = {isa = PBXBuildFile; fileRef = 7055712319861A85008F66F1 /* CNSiongNavigationViewController.m */; };
		705571271988BC7B008F66F1 /* CNGenericSelectionViewController.m in Sources */ = {isa = PBXBuildFile; fileRef = 705571261988BC7B008F66F1 /* CNGenericSelectionViewController.m */; };
		706521A619C4C8A200522714 /* CNPaywallViewController.m in Sources */ = {isa = PBXBuildFile; fileRef = 706521A519C4C8A200522714 /* CNPaywallViewController.m */; };
		707F9841196899BC00D6E552 /* Foundation.framework in Frameworks */ = {isa = PBXBuildFile; fileRef = 707F9840196899BC00D6E552 /* Foundation.framework */; };
		707F9843196899BC00D6E552 /* CoreGraphics.framework in Frameworks */ = {isa = PBXBuildFile; fileRef = 707F9842196899BC00D6E552 /* CoreGraphics.framework */; };
		707F9845196899BC00D6E552 /* UIKit.framework in Frameworks */ = {isa = PBXBuildFile; fileRef = 707F9844196899BC00D6E552 /* UIKit.framework */; };
		707F984B196899BC00D6E552 /* InfoPlist.strings in Resources */ = {isa = PBXBuildFile; fileRef = 707F9849196899BC00D6E552 /* InfoPlist.strings */; };
		707F984D196899BC00D6E552 /* main.m in Sources */ = {isa = PBXBuildFile; fileRef = 707F984C196899BC00D6E552 /* main.m */; };
		707F9851196899BC00D6E552 /* CNAppDelegate.m in Sources */ = {isa = PBXBuildFile; fileRef = 707F9850196899BC00D6E552 /* CNAppDelegate.m */; };
		707F9853196899BC00D6E552 /* Images.xcassets in Resources */ = {isa = PBXBuildFile; fileRef = 707F9852196899BC00D6E552 /* Images.xcassets */; };
		708D688B19B6D6A600BE9156 /* CNUserProfile.m in Sources */ = {isa = PBXBuildFile; fileRef = 708D688A19B6D6A600BE9156 /* CNUserProfile.m */; };
		70A5F36F19B444780060EB0C /* CNSearchViewController.m in Sources */ = {isa = PBXBuildFile; fileRef = 70A5F36E19B444780060EB0C /* CNSearchViewController.m */; };
		70DB470E198D967000F81F43 /* CNGenericSelectionTableViewCell.m in Sources */ = {isa = PBXBuildFile; fileRef = 70DB470D198D967000F81F43 /* CNGenericSelectionTableViewCell.m */; };
		70E7619E19A02075003F3984 /* UIColor+CNAdditions.m in Sources */ = {isa = PBXBuildFile; fileRef = 70E7619D19A02075003F3984 /* UIColor+CNAdditions.m */; };
		70EA00841A1010DF00B91F60 /* FacebookSDK.framework in Frameworks */ = {isa = PBXBuildFile; fileRef = 70EA00831A1010DF00B91F60 /* FacebookSDK.framework */; };
		80666D9B19CEBEBD007003A2 /* libVGAnalytics.a in Frameworks */ = {isa = PBXBuildFile; fileRef = 80666D9519CEBE54007003A2 /* libVGAnalytics.a */; };
		80666D9D19CEBECB007003A2 /* libz.dylib in Frameworks */ = {isa = PBXBuildFile; fileRef = 80666D9C19CEBECB007003A2 /* libz.dylib */; };
		80666DA119CEE071007003A2 /* NSData+CNAdditions.m in Sources */ = {isa = PBXBuildFile; fileRef = 80666DA019CEE071007003A2 /* NSData+CNAdditions.m */; };
		80666DA519CEE20F007003A2 /* CNLoggingViewController.m in Sources */ = {isa = PBXBuildFile; fileRef = 80666DA419CEE20F007003A2 /* CNLoggingViewController.m */; };
		80666DAD19D5B4D3007003A2 /* CNGradientView.m in Sources */ = {isa = PBXBuildFile; fileRef = 80666DAC19D5B4D3007003A2 /* CNGradientView.m */; };
		80A05E5E19CAD34100B4A1CD /* CNTargetsDiff.m in Sources */ = {isa = PBXBuildFile; fileRef = 80A05E5D19CAD34100B4A1CD /* CNTargetsDiff.m */; };
		80E2936319E0928F004B1CDB /* LaunchScreen.xib in Resources */ = {isa = PBXBuildFile; fileRef = 80E2936219E0928F004B1CDB /* LaunchScreen.xib */; };
		80F1000D19C4ED7500C28C32 /* CNCloseButton.m in Sources */ = {isa = PBXBuildFile; fileRef = 80F1000C19C4ED7500C28C32 /* CNCloseButton.m */; };
		80F1001019C50E4300C28C32 /* CNTargetSectionHeaderView.m in Sources */ = {isa = PBXBuildFile; fileRef = 80F1000F19C50E4300C28C32 /* CNTargetSectionHeaderView.m */; };
		DC08B67919883E020092EE90 /* CNAuthContext.m in Sources */ = {isa = PBXBuildFile; fileRef = DC08B67819883E020092EE90 /* CNAuthContext.m */; };
		DC08B698198AB0470092EE90 /* CNWelcomeStatusView.m in Sources */ = {isa = PBXBuildFile; fileRef = DC08B697198AB0470092EE90 /* CNWelcomeStatusView.m */; };
		DC08B69F198AF3D50092EE90 /* UITableView+LayoutSubviews.m in Sources */ = {isa = PBXBuildFile; fileRef = DC08B69E198AF3D50092EE90 /* UITableView+LayoutSubviews.m */; };
		DC08B6A4198D8DD00092EE90 /* CNModels.m in Sources */ = {isa = PBXBuildFile; fileRef = 707F989719689D8700D6E552 /* CNModels.m */; };
		DC42205A1996D96100739068 /* CNActivityIndicator.m in Sources */ = {isa = PBXBuildFile; fileRef = DC4220591996D96100739068 /* CNActivityIndicator.m */; };
		DCCAA3921985ECB200BC4E7D /* CNAPIClient.m in Sources */ = {isa = PBXBuildFile; fileRef = DCCAA3911985ECB200BC4E7D /* CNAPIClient.m */; };
		DCCAA3951985FA5D00BC4E7D /* CNAPIResource.m in Sources */ = {isa = PBXBuildFile; fileRef = DCCAA3941985FA5D00BC4E7D /* CNAPIResource.m */; };
		DCE7E7EF198D97DD00E14E3E /* CNAuthViewController.m in Sources */ = {isa = PBXBuildFile; fileRef = DCE7E7EE198D97DD00E14E3E /* CNAuthViewController.m */; };
		DCE7E7F2198DA60600E14E3E /* CNNumberEntryTextField.m in Sources */ = {isa = PBXBuildFile; fileRef = DCE7E7F1198DA60600E14E3E /* CNNumberEntryTextField.m */; };
/* End PBXBuildFile section */

/* Begin PBXContainerItemProxy section */
		80666D9419CEBE54007003A2 /* PBXContainerItemProxy */ = {
			isa = PBXContainerItemProxy;
			containerPortal = 80666D8F19CEBE54007003A2 /* VGAnalytics.xcodeproj */;
			proxyType = 2;
			remoteGlobalIDString = 80629C0D18D4A03100106131;
			remoteInfo = VGAnalytics;
		};
		80666D9619CEBE54007003A2 /* PBXContainerItemProxy */ = {
			isa = PBXContainerItemProxy;
			containerPortal = 80666D8F19CEBE54007003A2 /* VGAnalytics.xcodeproj */;
			proxyType = 2;
			remoteGlobalIDString = 80629C1D18D4A03100106131;
			remoteInfo = VGAnalyticsTests;
		};
		80666D9919CEBEB8007003A2 /* PBXContainerItemProxy */ = {
			isa = PBXContainerItemProxy;
			containerPortal = 80666D8F19CEBE54007003A2 /* VGAnalytics.xcodeproj */;
			proxyType = 1;
			remoteGlobalIDString = 80629C0C18D4A03100106131;
			remoteInfo = VGAnalytics;
		};
/* End PBXContainerItemProxy section */

/* Begin PBXFileReference section */
		7007B2341A101C4800169DB4 /* Social.framework */ = {isa = PBXFileReference; lastKnownFileType = wrapper.framework; name = Social.framework; path = System/Library/Frameworks/Social.framework; sourceTree = SDKROOT; };
		7007B23B1A13D25800169DB4 /* CNSalesPitch.h */ = {isa = PBXFileReference; fileEncoding = 4; lastKnownFileType = sourcecode.c.h; path = CNSalesPitch.h; sourceTree = "<group>"; };
		7007B23C1A13D25800169DB4 /* CNSalesPitch.m */ = {isa = PBXFileReference; fileEncoding = 4; lastKnownFileType = sourcecode.c.objc; path = CNSalesPitch.m; sourceTree = "<group>"; };
		70320132199719950032F16B /* UIFont+CNAdditions.h */ = {isa = PBXFileReference; fileEncoding = 4; lastKnownFileType = sourcecode.c.h; path = "UIFont+CNAdditions.h"; sourceTree = "<group>"; };
		70320133199719950032F16B /* UIFont+CNAdditions.m */ = {isa = PBXFileReference; fileEncoding = 4; lastKnownFileType = sourcecode.c.objc; path = "UIFont+CNAdditions.m"; sourceTree = "<group>"; };
		70320135199722320032F16B /* CNCourseDetailsViewController.h */ = {isa = PBXFileReference; fileEncoding = 4; lastKnownFileType = sourcecode.c.h; path = CNCourseDetailsViewController.h; sourceTree = "<group>"; };
		70320136199722320032F16B /* CNCourseDetailsViewController.m */ = {isa = PBXFileReference; fileEncoding = 4; lastKnownFileType = sourcecode.c.objc; path = CNCourseDetailsViewController.m; sourceTree = "<group>"; };
		70320138199736EF0032F16B /* CNSiongNavigationView.h */ = {isa = PBXFileReference; fileEncoding = 4; lastKnownFileType = sourcecode.c.h; path = CNSiongNavigationView.h; sourceTree = "<group>"; };
		70320139199736EF0032F16B /* CNSiongNavigationView.m */ = {isa = PBXFileReference; fileEncoding = 4; lastKnownFileType = sourcecode.c.objc; path = CNSiongNavigationView.m; sourceTree = "<group>"; };
		7032013B1997F8C40032F16B /* CNCourseDetailsTableViewCell.h */ = {isa = PBXFileReference; fileEncoding = 4; lastKnownFileType = sourcecode.c.h; path = CNCourseDetailsTableViewCell.h; sourceTree = "<group>"; };
		7032013C1997F8C40032F16B /* CNCourseDetailsTableViewCell.m */ = {isa = PBXFileReference; fileEncoding = 4; lastKnownFileType = sourcecode.c.objc; path = CNCourseDetailsTableViewCell.m; sourceTree = "<group>"; };
		70557114197B1ED7008F66F1 /* StoreKit.framework */ = {isa = PBXFileReference; lastKnownFileType = wrapper.framework; name = StoreKit.framework; path = System/Library/Frameworks/StoreKit.framework; sourceTree = SDKROOT; };
		70557116197B1F1E008F66F1 /* CNInAppPurchaseManager.h */ = {isa = PBXFileReference; fileEncoding = 4; lastKnownFileType = sourcecode.c.h; path = CNInAppPurchaseManager.h; sourceTree = "<group>"; };
		70557117197B1F1E008F66F1 /* CNInAppPurchaseManager.m */ = {isa = PBXFileReference; fileEncoding = 4; lastKnownFileType = sourcecode.c.objc; path = CNInAppPurchaseManager.m; sourceTree = "<group>"; };
		7055711919858293008F66F1 /* CNWelcomeViewController.h */ = {isa = PBXFileReference; fileEncoding = 4; lastKnownFileType = sourcecode.c.h; path = CNWelcomeViewController.h; sourceTree = "<group>"; };
		7055711A19858293008F66F1 /* CNWelcomeViewController.m */ = {isa = PBXFileReference; fileEncoding = 4; lastKnownFileType = sourcecode.c.objc; path = CNWelcomeViewController.m; sourceTree = "<group>"; };
		7055712219861A85008F66F1 /* CNSiongNavigationViewController.h */ = {isa = PBXFileReference; fileEncoding = 4; lastKnownFileType = sourcecode.c.h; path = CNSiongNavigationViewController.h; sourceTree = "<group>"; };
		7055712319861A85008F66F1 /* CNSiongNavigationViewController.m */ = {isa = PBXFileReference; fileEncoding = 4; lastKnownFileType = sourcecode.c.objc; path = CNSiongNavigationViewController.m; sourceTree = "<group>"; };
		705571251988BC7B008F66F1 /* CNGenericSelectionViewController.h */ = {isa = PBXFileReference; fileEncoding = 4; lastKnownFileType = sourcecode.c.h; path = CNGenericSelectionViewController.h; sourceTree = "<group>"; };
		705571261988BC7B008F66F1 /* CNGenericSelectionViewController.m */ = {isa = PBXFileReference; fileEncoding = 4; lastKnownFileType = sourcecode.c.objc; path = CNGenericSelectionViewController.m; sourceTree = "<group>"; };
		706521A419C4C8A200522714 /* CNPaywallViewController.h */ = {isa = PBXFileReference; fileEncoding = 4; lastKnownFileType = sourcecode.c.h; path = CNPaywallViewController.h; sourceTree = "<group>"; };
		706521A519C4C8A200522714 /* CNPaywallViewController.m */ = {isa = PBXFileReference; fileEncoding = 4; lastKnownFileType = sourcecode.c.objc; path = CNPaywallViewController.m; sourceTree = "<group>"; };
		707F983D196899BC00D6E552 /* classalert.app */ = {isa = PBXFileReference; explicitFileType = wrapper.application; includeInIndex = 0; path = classalert.app; sourceTree = BUILT_PRODUCTS_DIR; };
		707F9840196899BC00D6E552 /* Foundation.framework */ = {isa = PBXFileReference; lastKnownFileType = wrapper.framework; name = Foundation.framework; path = System/Library/Frameworks/Foundation.framework; sourceTree = SDKROOT; };
		707F9842196899BC00D6E552 /* CoreGraphics.framework */ = {isa = PBXFileReference; lastKnownFileType = wrapper.framework; name = CoreGraphics.framework; path = System/Library/Frameworks/CoreGraphics.framework; sourceTree = SDKROOT; };
		707F9844196899BC00D6E552 /* UIKit.framework */ = {isa = PBXFileReference; lastKnownFileType = wrapper.framework; name = UIKit.framework; path = System/Library/Frameworks/UIKit.framework; sourceTree = SDKROOT; };
		707F9848196899BC00D6E552 /* ClassNinja-Info.plist */ = {isa = PBXFileReference; lastKnownFileType = text.plist.xml; path = "ClassNinja-Info.plist"; sourceTree = "<group>"; };
		707F984A196899BC00D6E552 /* en */ = {isa = PBXFileReference; lastKnownFileType = text.plist.strings; name = en; path = en.lproj/InfoPlist.strings; sourceTree = "<group>"; };
		707F984C196899BC00D6E552 /* main.m */ = {isa = PBXFileReference; lastKnownFileType = sourcecode.c.objc; path = main.m; sourceTree = "<group>"; };
		707F984E196899BC00D6E552 /* ClassNinja-Prefix.pch */ = {isa = PBXFileReference; lastKnownFileType = sourcecode.c.h; path = "ClassNinja-Prefix.pch"; sourceTree = "<group>"; };
		707F984F196899BC00D6E552 /* CNAppDelegate.h */ = {isa = PBXFileReference; lastKnownFileType = sourcecode.c.h; name = CNAppDelegate.h; path = ../CNAppDelegate.h; sourceTree = "<group>"; };
		707F9850196899BC00D6E552 /* CNAppDelegate.m */ = {isa = PBXFileReference; lastKnownFileType = sourcecode.c.objc; name = CNAppDelegate.m; path = ../CNAppDelegate.m; sourceTree = "<group>"; };
		707F9852196899BC00D6E552 /* Images.xcassets */ = {isa = PBXFileReference; lastKnownFileType = folder.assetcatalog; path = Images.xcassets; sourceTree = "<group>"; };
		707F9859196899BC00D6E552 /* XCTest.framework */ = {isa = PBXFileReference; lastKnownFileType = wrapper.framework; name = XCTest.framework; path = Library/Frameworks/XCTest.framework; sourceTree = DEVELOPER_DIR; };
		707F989619689D8700D6E552 /* CNModels.h */ = {isa = PBXFileReference; fileEncoding = 4; lastKnownFileType = sourcecode.c.h; path = CNModels.h; sourceTree = "<group>"; };
		707F989719689D8700D6E552 /* CNModels.m */ = {isa = PBXFileReference; fileEncoding = 4; lastKnownFileType = sourcecode.c.objc; path = CNModels.m; sourceTree = "<group>"; };
		708D688919B6D6A600BE9156 /* CNUserProfile.h */ = {isa = PBXFileReference; fileEncoding = 4; lastKnownFileType = sourcecode.c.h; path = CNUserProfile.h; sourceTree = "<group>"; };
		708D688A19B6D6A600BE9156 /* CNUserProfile.m */ = {isa = PBXFileReference; fileEncoding = 4; lastKnownFileType = sourcecode.c.objc; path = CNUserProfile.m; sourceTree = "<group>"; };
		70A5F36D19B444780060EB0C /* CNSearchViewController.h */ = {isa = PBXFileReference; fileEncoding = 4; lastKnownFileType = sourcecode.c.h; path = CNSearchViewController.h; sourceTree = "<group>"; };
		70A5F36E19B444780060EB0C /* CNSearchViewController.m */ = {isa = PBXFileReference; fileEncoding = 4; lastKnownFileType = sourcecode.c.objc; path = CNSearchViewController.m; sourceTree = "<group>"; };
		70DB470C198D967000F81F43 /* CNGenericSelectionTableViewCell.h */ = {isa = PBXFileReference; fileEncoding = 4; lastKnownFileType = sourcecode.c.h; path = CNGenericSelectionTableViewCell.h; sourceTree = "<group>"; };
		70DB470D198D967000F81F43 /* CNGenericSelectionTableViewCell.m */ = {isa = PBXFileReference; fileEncoding = 4; lastKnownFileType = sourcecode.c.objc; path = CNGenericSelectionTableViewCell.m; sourceTree = "<group>"; };
		70E7619C19A02075003F3984 /* UIColor+CNAdditions.h */ = {isa = PBXFileReference; fileEncoding = 4; lastKnownFileType = sourcecode.c.h; path = "UIColor+CNAdditions.h"; sourceTree = "<group>"; };
		70E7619D19A02075003F3984 /* UIColor+CNAdditions.m */ = {isa = PBXFileReference; fileEncoding = 4; lastKnownFileType = sourcecode.c.objc; path = "UIColor+CNAdditions.m"; sourceTree = "<group>"; };
		70EA00831A1010DF00B91F60 /* FacebookSDK.framework */ = {isa = PBXFileReference; lastKnownFileType = wrapper.framework; name = FacebookSDK.framework; path = ClassNinja/Frameworks/FacebookSDK.framework; sourceTree = "<group>"; };
		80666D8F19CEBE54007003A2 /* VGAnalytics.xcodeproj */ = {isa = PBXFileReference; lastKnownFileType = "wrapper.pb-project"; name = VGAnalytics.xcodeproj; path = "../../submodules/ios-analytics/iOS Analytics/VGAnalytics.xcodeproj"; sourceTree = "<group>"; };
		80666D9C19CEBECB007003A2 /* libz.dylib */ = {isa = PBXFileReference; lastKnownFileType = "compiled.mach-o.dylib"; name = libz.dylib; path = usr/lib/libz.dylib; sourceTree = SDKROOT; };
		80666D9F19CEE071007003A2 /* NSData+CNAdditions.h */ = {isa = PBXFileReference; fileEncoding = 4; lastKnownFileType = sourcecode.c.h; path = "NSData+CNAdditions.h"; sourceTree = "<group>"; };
		80666DA019CEE071007003A2 /* NSData+CNAdditions.m */ = {isa = PBXFileReference; fileEncoding = 4; lastKnownFileType = sourcecode.c.objc; path = "NSData+CNAdditions.m"; sourceTree = "<group>"; };
		80666DA319CEE20F007003A2 /* CNLoggingViewController.h */ = {isa = PBXFileReference; fileEncoding = 4; lastKnownFileType = sourcecode.c.h; path = CNLoggingViewController.h; sourceTree = "<group>"; };
		80666DA419CEE20F007003A2 /* CNLoggingViewController.m */ = {isa = PBXFileReference; fileEncoding = 4; lastKnownFileType = sourcecode.c.objc; path = CNLoggingViewController.m; sourceTree = "<group>"; };
		80666DAB19D5B4D3007003A2 /* CNGradientView.h */ = {isa = PBXFileReference; fileEncoding = 4; lastKnownFileType = sourcecode.c.h; path = CNGradientView.h; sourceTree = "<group>"; };
		80666DAC19D5B4D3007003A2 /* CNGradientView.m */ = {isa = PBXFileReference; fileEncoding = 4; lastKnownFileType = sourcecode.c.objc; path = CNGradientView.m; sourceTree = "<group>"; };
		80A05E5C19CAD34100B4A1CD /* CNTargetsDiff.h */ = {isa = PBXFileReference; fileEncoding = 4; lastKnownFileType = sourcecode.c.h; path = CNTargetsDiff.h; sourceTree = "<group>"; };
		80A05E5D19CAD34100B4A1CD /* CNTargetsDiff.m */ = {isa = PBXFileReference; fileEncoding = 4; lastKnownFileType = sourcecode.c.objc; path = CNTargetsDiff.m; sourceTree = "<group>"; };
		80E2936219E0928F004B1CDB /* LaunchScreen.xib */ = {isa = PBXFileReference; fileEncoding = 4; lastKnownFileType = file.xib; path = LaunchScreen.xib; sourceTree = "<group>"; };
		80F1000B19C4ED7500C28C32 /* CNCloseButton.h */ = {isa = PBXFileReference; fileEncoding = 4; lastKnownFileType = sourcecode.c.h; path = CNCloseButton.h; sourceTree = "<group>"; };
		80F1000C19C4ED7500C28C32 /* CNCloseButton.m */ = {isa = PBXFileReference; fileEncoding = 4; lastKnownFileType = sourcecode.c.objc; path = CNCloseButton.m; sourceTree = "<group>"; };
		80F1000E19C50E4300C28C32 /* CNTargetSectionHeaderView.h */ = {isa = PBXFileReference; fileEncoding = 4; lastKnownFileType = sourcecode.c.h; path = CNTargetSectionHeaderView.h; sourceTree = "<group>"; };
		80F1000F19C50E4300C28C32 /* CNTargetSectionHeaderView.m */ = {isa = PBXFileReference; fileEncoding = 4; lastKnownFileType = sourcecode.c.objc; path = CNTargetSectionHeaderView.m; sourceTree = "<group>"; };
		DC08B67719883E020092EE90 /* CNAuthContext.h */ = {isa = PBXFileReference; fileEncoding = 4; lastKnownFileType = sourcecode.c.h; path = CNAuthContext.h; sourceTree = "<group>"; };
		DC08B67819883E020092EE90 /* CNAuthContext.m */ = {isa = PBXFileReference; fileEncoding = 4; lastKnownFileType = sourcecode.c.objc; path = CNAuthContext.m; sourceTree = "<group>"; };
		DC08B696198AB0470092EE90 /* CNWelcomeStatusView.h */ = {isa = PBXFileReference; fileEncoding = 4; lastKnownFileType = sourcecode.c.h; path = CNWelcomeStatusView.h; sourceTree = "<group>"; };
		DC08B697198AB0470092EE90 /* CNWelcomeStatusView.m */ = {isa = PBXFileReference; fileEncoding = 4; lastKnownFileType = sourcecode.c.objc; path = CNWelcomeStatusView.m; sourceTree = "<group>"; };
		DC08B699198AB1780092EE90 /* AppearanceConstants.h */ = {isa = PBXFileReference; lastKnownFileType = sourcecode.c.h; path = AppearanceConstants.h; sourceTree = "<group>"; };
		DC08B69D198AF3D50092EE90 /* UITableView+LayoutSubviews.h */ = {isa = PBXFileReference; fileEncoding = 4; lastKnownFileType = sourcecode.c.h; path = "UITableView+LayoutSubviews.h"; sourceTree = "<group>"; };
		DC08B69E198AF3D50092EE90 /* UITableView+LayoutSubviews.m */ = {isa = PBXFileReference; fileEncoding = 4; lastKnownFileType = sourcecode.c.objc; path = "UITableView+LayoutSubviews.m"; sourceTree = "<group>"; };
		DC4220581996D96100739068 /* CNActivityIndicator.h */ = {isa = PBXFileReference; fileEncoding = 4; lastKnownFileType = sourcecode.c.h; path = CNActivityIndicator.h; sourceTree = "<group>"; };
		DC4220591996D96100739068 /* CNActivityIndicator.m */ = {isa = PBXFileReference; fileEncoding = 4; lastKnownFileType = sourcecode.c.objc; path = CNActivityIndicator.m; sourceTree = "<group>"; };
		DCCAA3901985ECB200BC4E7D /* CNAPIClient.h */ = {isa = PBXFileReference; fileEncoding = 4; lastKnownFileType = sourcecode.c.h; path = CNAPIClient.h; sourceTree = "<group>"; };
		DCCAA3911985ECB200BC4E7D /* CNAPIClient.m */ = {isa = PBXFileReference; fileEncoding = 4; lastKnownFileType = sourcecode.c.objc; path = CNAPIClient.m; sourceTree = "<group>"; };
		DCCAA3931985FA5D00BC4E7D /* CNAPIResource.h */ = {isa = PBXFileReference; fileEncoding = 4; lastKnownFileType = sourcecode.c.h; path = CNAPIResource.h; sourceTree = "<group>"; };
		DCCAA3941985FA5D00BC4E7D /* CNAPIResource.m */ = {isa = PBXFileReference; fileEncoding = 4; lastKnownFileType = sourcecode.c.objc; path = CNAPIResource.m; sourceTree = "<group>"; };
		DCE7E7ED198D97DD00E14E3E /* CNAuthViewController.h */ = {isa = PBXFileReference; fileEncoding = 4; lastKnownFileType = sourcecode.c.h; path = CNAuthViewController.h; sourceTree = "<group>"; };
		DCE7E7EE198D97DD00E14E3E /* CNAuthViewController.m */ = {isa = PBXFileReference; fileEncoding = 4; lastKnownFileType = sourcecode.c.objc; path = CNAuthViewController.m; sourceTree = "<group>"; };
		DCE7E7F0198DA60600E14E3E /* CNNumberEntryTextField.h */ = {isa = PBXFileReference; fileEncoding = 4; lastKnownFileType = sourcecode.c.h; path = CNNumberEntryTextField.h; sourceTree = "<group>"; };
		DCE7E7F1198DA60600E14E3E /* CNNumberEntryTextField.m */ = {isa = PBXFileReference; fileEncoding = 4; lastKnownFileType = sourcecode.c.objc; path = CNNumberEntryTextField.m; sourceTree = "<group>"; };
/* End PBXFileReference section */

/* Begin PBXFrameworksBuildPhase section */
		707F983A196899BC00D6E552 /* Frameworks */ = {
			isa = PBXFrameworksBuildPhase;
			buildActionMask = 2147483647;
			files = (
				7007B2351A101C4800169DB4 /* Social.framework in Frameworks */,
				80666D9D19CEBECB007003A2 /* libz.dylib in Frameworks */,
				80666D9B19CEBEBD007003A2 /* libVGAnalytics.a in Frameworks */,
				70557115197B1ED7008F66F1 /* StoreKit.framework in Frameworks */,
				707F9843196899BC00D6E552 /* CoreGraphics.framework in Frameworks */,
				707F9845196899BC00D6E552 /* UIKit.framework in Frameworks */,
				707F9841196899BC00D6E552 /* Foundation.framework in Frameworks */,
				70EA00841A1010DF00B91F60 /* FacebookSDK.framework in Frameworks */,
			);
			runOnlyForDeploymentPostprocessing = 0;
		};
/* End PBXFrameworksBuildPhase section */

/* Begin PBXGroup section */
		70495D22198DDD910059B267 /* Navigation */ = {
			isa = PBXGroup;
			children = (
				7055712219861A85008F66F1 /* CNSiongNavigationViewController.h */,
				7055712319861A85008F66F1 /* CNSiongNavigationViewController.m */,
				70320138199736EF0032F16B /* CNSiongNavigationView.h */,
				70320139199736EF0032F16B /* CNSiongNavigationView.m */,
			);
			name = Navigation;
			sourceTree = "<group>";
		};
		707F9834196899BC00D6E552 = {
			isa = PBXGroup;
			children = (
				80666D8F19CEBE54007003A2 /* VGAnalytics.xcodeproj */,
				707F9846196899BC00D6E552 /* ClassNinja */,
				707F983F196899BC00D6E552 /* Frameworks */,
				707F983E196899BC00D6E552 /* Products */,
				707F989A19689D9500D6E552 /* Libraries */,
			);
			sourceTree = "<group>";
		};
		707F983E196899BC00D6E552 /* Products */ = {
			isa = PBXGroup;
			children = (
				707F983D196899BC00D6E552 /* classalert.app */,
			);
			name = Products;
			sourceTree = "<group>";
		};
		707F983F196899BC00D6E552 /* Frameworks */ = {
			isa = PBXGroup;
			children = (
				7007B2341A101C4800169DB4 /* Social.framework */,
				80666D9C19CEBECB007003A2 /* libz.dylib */,
				70EA00831A1010DF00B91F60 /* FacebookSDK.framework */,
				70557114197B1ED7008F66F1 /* StoreKit.framework */,
				707F9840196899BC00D6E552 /* Foundation.framework */,
				707F9842196899BC00D6E552 /* CoreGraphics.framework */,
				707F9844196899BC00D6E552 /* UIKit.framework */,
				707F9859196899BC00D6E552 /* XCTest.framework */,
			);
			name = Frameworks;
			sourceTree = "<group>";
		};
		707F9846196899BC00D6E552 /* ClassNinja */ = {
			isa = PBXGroup;
			children = (
				707F989319689D8700D6E552 /* Classes */,
				707F9852196899BC00D6E552 /* Images.xcassets */,
				707F9847196899BC00D6E552 /* Supporting Files */,
			);
			path = ClassNinja;
			sourceTree = "<group>";
		};
		707F9847196899BC00D6E552 /* Supporting Files */ = {
			isa = PBXGroup;
			children = (
				80E2936219E0928F004B1CDB /* LaunchScreen.xib */,
				707F9848196899BC00D6E552 /* ClassNinja-Info.plist */,
				707F9849196899BC00D6E552 /* InfoPlist.strings */,
				707F984C196899BC00D6E552 /* main.m */,
				707F984E196899BC00D6E552 /* ClassNinja-Prefix.pch */,
			);
			name = "Supporting Files";
			sourceTree = "<group>";
		};
		707F989319689D8700D6E552 /* Classes */ = {
			isa = PBXGroup;
			children = (
				708D688919B6D6A600BE9156 /* CNUserProfile.h */,
				708D688A19B6D6A600BE9156 /* CNUserProfile.m */,
				DCCAA3981985FABA00BC4E7D /* Model */,
				DC08B6A2198D7D910092EE90 /* UI */,
				70557116197B1F1E008F66F1 /* CNInAppPurchaseManager.h */,
				70557117197B1F1E008F66F1 /* CNInAppPurchaseManager.m */,
				707F984F196899BC00D6E552 /* CNAppDelegate.h */,
				707F9850196899BC00D6E552 /* CNAppDelegate.m */,
				70320132199719950032F16B /* UIFont+CNAdditions.h */,
				70320133199719950032F16B /* UIFont+CNAdditions.m */,
				80666D9F19CEE071007003A2 /* NSData+CNAdditions.h */,
				80666DA019CEE071007003A2 /* NSData+CNAdditions.m */,
				80666DA319CEE20F007003A2 /* CNLoggingViewController.h */,
				80666DA419CEE20F007003A2 /* CNLoggingViewController.m */,
				7007B23B1A13D25800169DB4 /* CNSalesPitch.h */,
				7007B23C1A13D25800169DB4 /* CNSalesPitch.m */,
			);
			path = Classes;
			sourceTree = "<group>";
		};
		707F989A19689D9500D6E552 /* Libraries */ = {
			isa = PBXGroup;
			children = (
			);
			name = Libraries;
			path = ClassNinja;
			sourceTree = "<group>";
		};
		80666D9019CEBE54007003A2 /* Products */ = {
			isa = PBXGroup;
			children = (
				80666D9519CEBE54007003A2 /* libVGAnalytics.a */,
				80666D9719CEBE54007003A2 /* VGAnalyticsTests.xctest */,
			);
			name = Products;
			sourceTree = "<group>";
		};
		DC08B695198AB0290092EE90 /* Welcome */ = {
			isa = PBXGroup;
			children = (
				DC08B69D198AF3D50092EE90 /* UITableView+LayoutSubviews.h */,
				DC08B69E198AF3D50092EE90 /* UITableView+LayoutSubviews.m */,
				7055711919858293008F66F1 /* CNWelcomeViewController.h */,
				7055711A19858293008F66F1 /* CNWelcomeViewController.m */,
				DC08B696198AB0470092EE90 /* CNWelcomeStatusView.h */,
				DC08B697198AB0470092EE90 /* CNWelcomeStatusView.m */,
				80F1000E19C50E4300C28C32 /* CNTargetSectionHeaderView.h */,
				80F1000F19C50E4300C28C32 /* CNTargetSectionHeaderView.m */,
				80666DAB19D5B4D3007003A2 /* CNGradientView.h */,
				80666DAC19D5B4D3007003A2 /* CNGradientView.m */,
			);
			name = Welcome;
			sourceTree = "<group>";
		};
		DC08B6A2198D7D910092EE90 /* UI */ = {
			isa = PBXGroup;
			children = (
				706521A419C4C8A200522714 /* CNPaywallViewController.h */,
				706521A519C4C8A200522714 /* CNPaywallViewController.m */,
				70A5F36D19B444780060EB0C /* CNSearchViewController.h */,
				70A5F36E19B444780060EB0C /* CNSearchViewController.m */,
				DC08B699198AB1780092EE90 /* AppearanceConstants.h */,
				DC4220581996D96100739068 /* CNActivityIndicator.h */,
				DC4220591996D96100739068 /* CNActivityIndicator.m */,
				DCE7E7EC198D90FC00E14E3E /* CourseBrowsing */,
				DC08B6A3198D7D990092EE90 /* Auth */,
				DC08B695198AB0290092EE90 /* Welcome */,
				70E7619C19A02075003F3984 /* UIColor+CNAdditions.h */,
				70E7619D19A02075003F3984 /* UIColor+CNAdditions.m */,
				80F1000B19C4ED7500C28C32 /* CNCloseButton.h */,
				80F1000C19C4ED7500C28C32 /* CNCloseButton.m */,
			);
			name = UI;
			sourceTree = "<group>";
		};
		DC08B6A3198D7D990092EE90 /* Auth */ = {
			isa = PBXGroup;
			children = (
				DCE7E7ED198D97DD00E14E3E /* CNAuthViewController.h */,
				DCE7E7EE198D97DD00E14E3E /* CNAuthViewController.m */,
				DCE7E7F0198DA60600E14E3E /* CNNumberEntryTextField.h */,
				DCE7E7F1198DA60600E14E3E /* CNNumberEntryTextField.m */,
			);
			name = Auth;
			sourceTree = "<group>";
		};
		DCCAA3971985FA8A00BC4E7D /* API */ = {
			isa = PBXGroup;
			children = (
				DCCAA3931985FA5D00BC4E7D /* CNAPIResource.h */,
				DCCAA3941985FA5D00BC4E7D /* CNAPIResource.m */,
				DC08B67719883E020092EE90 /* CNAuthContext.h */,
				DC08B67819883E020092EE90 /* CNAuthContext.m */,
				DCCAA3901985ECB200BC4E7D /* CNAPIClient.h */,
				DCCAA3911985ECB200BC4E7D /* CNAPIClient.m */,
			);
			name = API;
			sourceTree = "<group>";
		};
		DCCAA3981985FABA00BC4E7D /* Model */ = {
			isa = PBXGroup;
			children = (
				80A05E5C19CAD34100B4A1CD /* CNTargetsDiff.h */,
				80A05E5D19CAD34100B4A1CD /* CNTargetsDiff.m */,
				707F989619689D8700D6E552 /* CNModels.h */,
				707F989719689D8700D6E552 /* CNModels.m */,
				DCCAA3971985FA8A00BC4E7D /* API */,
			);
			name = Model;
			sourceTree = "<group>";
		};
		DCE7E7EC198D90FC00E14E3E /* CourseBrowsing */ = {
			isa = PBXGroup;
			children = (
				70495D22198DDD910059B267 /* Navigation */,
				70DB470C198D967000F81F43 /* CNGenericSelectionTableViewCell.h */,
				70DB470D198D967000F81F43 /* CNGenericSelectionTableViewCell.m */,
				705571251988BC7B008F66F1 /* CNGenericSelectionViewController.h */,
				705571261988BC7B008F66F1 /* CNGenericSelectionViewController.m */,
				70320135199722320032F16B /* CNCourseDetailsViewController.h */,
				70320136199722320032F16B /* CNCourseDetailsViewController.m */,
				7032013B1997F8C40032F16B /* CNCourseDetailsTableViewCell.h */,
				7032013C1997F8C40032F16B /* CNCourseDetailsTableViewCell.m */,
			);
			name = CourseBrowsing;
			sourceTree = "<group>";
		};
/* End PBXGroup section */

/* Begin PBXNativeTarget section */
		707F983C196899BC00D6E552 /* ClassNinja */ = {
			isa = PBXNativeTarget;
			buildConfigurationList = 707F9869196899BC00D6E552 /* Build configuration list for PBXNativeTarget "ClassNinja" */;
			buildPhases = (
				707F9839196899BC00D6E552 /* Sources */,
				707F983A196899BC00D6E552 /* Frameworks */,
				707F983B196899BC00D6E552 /* Resources */,
				80666DA819D5872E007003A2 /* ShellScript */,
			);
			buildRules = (
			);
			dependencies = (
				80666D9A19CEBEB8007003A2 /* PBXTargetDependency */,
			);
			name = ClassNinja;
			productName = ClassNinja;
			productReference = 707F983D196899BC00D6E552 /* classalert.app */;
			productType = "com.apple.product-type.application";
		};
/* End PBXNativeTarget section */

/* Begin PBXProject section */
		707F9835196899BC00D6E552 /* Project object */ = {
			isa = PBXProject;
			attributes = {
				CLASSPREFIX = CN;
				LastUpgradeCheck = 0510;
				ORGANIZATIONNAME = Bova;
				TargetAttributes = {
					707F983C196899BC00D6E552 = {
						DevelopmentTeam = FPJM4NGXTD;
					};
				};
			};
			buildConfigurationList = 707F9838196899BC00D6E552 /* Build configuration list for PBXProject "ClassNinja" */;
			compatibilityVersion = "Xcode 3.2";
			developmentRegion = English;
			hasScannedForEncodings = 0;
			knownRegions = (
				en,
			);
			mainGroup = 707F9834196899BC00D6E552;
			productRefGroup = 707F983E196899BC00D6E552 /* Products */;
			projectDirPath = "";
			projectReferences = (
				{
					ProductGroup = 80666D9019CEBE54007003A2 /* Products */;
					ProjectRef = 80666D8F19CEBE54007003A2 /* VGAnalytics.xcodeproj */;
				},
			);
			projectRoot = "";
			targets = (
				707F983C196899BC00D6E552 /* ClassNinja */,
			);
		};
/* End PBXProject section */

/* Begin PBXReferenceProxy section */
		80666D9519CEBE54007003A2 /* libVGAnalytics.a */ = {
			isa = PBXReferenceProxy;
			fileType = archive.ar;
			path = libVGAnalytics.a;
			remoteRef = 80666D9419CEBE54007003A2 /* PBXContainerItemProxy */;
			sourceTree = BUILT_PRODUCTS_DIR;
		};
		80666D9719CEBE54007003A2 /* VGAnalyticsTests.xctest */ = {
			isa = PBXReferenceProxy;
			fileType = wrapper.cfbundle;
			path = VGAnalyticsTests.xctest;
			remoteRef = 80666D9619CEBE54007003A2 /* PBXContainerItemProxy */;
			sourceTree = BUILT_PRODUCTS_DIR;
		};
/* End PBXReferenceProxy section */

/* Begin PBXResourcesBuildPhase section */
		707F983B196899BC00D6E552 /* Resources */ = {
			isa = PBXResourcesBuildPhase;
			buildActionMask = 2147483647;
			files = (
				707F984B196899BC00D6E552 /* InfoPlist.strings in Resources */,
				80E2936319E0928F004B1CDB /* LaunchScreen.xib in Resources */,
				707F9853196899BC00D6E552 /* Images.xcassets in Resources */,
			);
			runOnlyForDeploymentPostprocessing = 0;
		};
/* End PBXResourcesBuildPhase section */

/* Begin PBXShellScriptBuildPhase section */
		80666DA819D5872E007003A2 /* ShellScript */ = {
			isa = PBXShellScriptBuildPhase;
			buildActionMask = 2147483647;
			files = (
			);
			inputPaths = (
			);
			outputPaths = (
			);
			runOnlyForDeploymentPostprocessing = 0;
			shellPath = /bin/sh;
			shellScript = "\"${PROJECT_DIR}\"/versions.sh";
		};
/* End PBXShellScriptBuildPhase section */

/* Begin PBXSourcesBuildPhase section */
		707F9839196899BC00D6E552 /* Sources */ = {
			isa = PBXSourcesBuildPhase;
			buildActionMask = 2147483647;
			files = (
				DCCAA3951985FA5D00BC4E7D /* CNAPIResource.m in Sources */,
				707F984D196899BC00D6E552 /* main.m in Sources */,
				70320134199719950032F16B /* UIFont+CNAdditions.m in Sources */,
				80666DAD19D5B4D3007003A2 /* CNGradientView.m in Sources */,
				70320137199722320032F16B /* CNCourseDetailsViewController.m in Sources */,
				80F1001019C50E4300C28C32 /* CNTargetSectionHeaderView.m in Sources */,
				80666DA119CEE071007003A2 /* NSData+CNAdditions.m in Sources */,
				7032013A199736EF0032F16B /* CNSiongNavigationView.m in Sources */,
				7007B23D1A13D25800169DB4 /* CNSalesPitch.m in Sources */,
				80F1000D19C4ED7500C28C32 /* CNCloseButton.m in Sources */,
				705571271988BC7B008F66F1 /* CNGenericSelectionViewController.m in Sources */,
				70557118197B1F1E008F66F1 /* CNInAppPurchaseManager.m in Sources */,
				7055712419861A85008F66F1 /* CNSiongNavigationViewController.m in Sources */,
				80666DA519CEE20F007003A2 /* CNLoggingViewController.m in Sources */,
				DC08B69F198AF3D50092EE90 /* UITableView+LayoutSubviews.m in Sources */,
				70A5F36F19B444780060EB0C /* CNSearchViewController.m in Sources */,
				DCE7E7F2198DA60600E14E3E /* CNNumberEntryTextField.m in Sources */,
				DCE7E7EF198D97DD00E14E3E /* CNAuthViewController.m in Sources */,
				70E7619E19A02075003F3984 /* UIColor+CNAdditions.m in Sources */,
				DC08B6A4198D8DD00092EE90 /* CNModels.m in Sources */,
				706521A619C4C8A200522714 /* CNPaywallViewController.m in Sources */,
				DC08B67919883E020092EE90 /* CNAuthContext.m in Sources */,
				708D688B19B6D6A600BE9156 /* CNUserProfile.m in Sources */,
				7055711B19858293008F66F1 /* CNWelcomeViewController.m in Sources */,
				DC42205A1996D96100739068 /* CNActivityIndicator.m in Sources */,
				80A05E5E19CAD34100B4A1CD /* CNTargetsDiff.m in Sources */,
				DCCAA3921985ECB200BC4E7D /* CNAPIClient.m in Sources */,
				707F9851196899BC00D6E552 /* CNAppDelegate.m in Sources */,
				7032013D1997F8C40032F16B /* CNCourseDetailsTableViewCell.m in Sources */,
				70DB470E198D967000F81F43 /* CNGenericSelectionTableViewCell.m in Sources */,
				DC08B698198AB0470092EE90 /* CNWelcomeStatusView.m in Sources */,
			);
			runOnlyForDeploymentPostprocessing = 0;
		};
/* End PBXSourcesBuildPhase section */

/* Begin PBXTargetDependency section */
		80666D9A19CEBEB8007003A2 /* PBXTargetDependency */ = {
			isa = PBXTargetDependency;
			name = VGAnalytics;
			targetProxy = 80666D9919CEBEB8007003A2 /* PBXContainerItemProxy */;
		};
/* End PBXTargetDependency section */

/* Begin PBXVariantGroup section */
		707F9849196899BC00D6E552 /* InfoPlist.strings */ = {
			isa = PBXVariantGroup;
			children = (
				707F984A196899BC00D6E552 /* en */,
			);
			name = InfoPlist.strings;
			sourceTree = "<group>";
		};
/* End PBXVariantGroup section */

/* Begin XCBuildConfiguration section */
		707F9867196899BC00D6E552 /* Debug */ = {
			isa = XCBuildConfiguration;
			buildSettings = {
				ALWAYS_SEARCH_USER_PATHS = NO;
				CLANG_CXX_LANGUAGE_STANDARD = "gnu++0x";
				CLANG_CXX_LIBRARY = "libc++";
				CLANG_ENABLE_MODULES = YES;
				CLANG_ENABLE_OBJC_ARC = YES;
				CLANG_WARN_BOOL_CONVERSION = YES;
				CLANG_WARN_CONSTANT_CONVERSION = YES;
				CLANG_WARN_DIRECT_OBJC_ISA_USAGE = YES_ERROR;
				CLANG_WARN_EMPTY_BODY = YES;
				CLANG_WARN_ENUM_CONVERSION = YES;
				CLANG_WARN_INT_CONVERSION = YES;
				CLANG_WARN_OBJC_ROOT_CLASS = YES_ERROR;
				CLANG_WARN__DUPLICATE_METHOD_MATCH = YES;
				"CODE_SIGN_IDENTITY[sdk=iphoneos*]" = "iPhone Developer: Boris Suvorov (476T9Z2Y89)";
				COPY_PHASE_STRIP = NO;
				GCC_C_LANGUAGE_STANDARD = gnu99;
				GCC_DYNAMIC_NO_PIC = NO;
				GCC_OPTIMIZATION_LEVEL = 0;
				GCC_PREPROCESSOR_DEFINITIONS = (
					"DEBUG=1",
					"$(inherited)",
				);
				GCC_SYMBOLS_PRIVATE_EXTERN = NO;
				GCC_WARN_64_TO_32_BIT_CONVERSION = YES;
				GCC_WARN_ABOUT_RETURN_TYPE = YES_ERROR;
				GCC_WARN_UNDECLARED_SELECTOR = YES;
				GCC_WARN_UNINITIALIZED_AUTOS = YES_AGGRESSIVE;
				GCC_WARN_UNUSED_FUNCTION = YES;
				GCC_WARN_UNUSED_VARIABLE = YES;
				IPHONEOS_DEPLOYMENT_TARGET = 7.0;
				ONLY_ACTIVE_ARCH = YES;
				PRODUCT_NAME = classalert;
				SDKROOT = iphoneos;
				TARGETED_DEVICE_FAMILY = "1,2";
			};
			name = Debug;
		};
		707F9868196899BC00D6E552 /* Release */ = {
			isa = XCBuildConfiguration;
			buildSettings = {
				ALWAYS_SEARCH_USER_PATHS = NO;
				CLANG_CXX_LANGUAGE_STANDARD = "gnu++0x";
				CLANG_CXX_LIBRARY = "libc++";
				CLANG_ENABLE_MODULES = YES;
				CLANG_ENABLE_OBJC_ARC = YES;
				CLANG_WARN_BOOL_CONVERSION = YES;
				CLANG_WARN_CONSTANT_CONVERSION = YES;
				CLANG_WARN_DIRECT_OBJC_ISA_USAGE = YES_ERROR;
				CLANG_WARN_EMPTY_BODY = YES;
				CLANG_WARN_ENUM_CONVERSION = YES;
				CLANG_WARN_INT_CONVERSION = YES;
				CLANG_WARN_OBJC_ROOT_CLASS = YES_ERROR;
				CLANG_WARN__DUPLICATE_METHOD_MATCH = YES;
				COPY_PHASE_STRIP = NO;
				ENABLE_NS_ASSERTIONS = NO;
				GCC_C_LANGUAGE_STANDARD = gnu99;
				GCC_WARN_64_TO_32_BIT_CONVERSION = YES;
				GCC_WARN_ABOUT_RETURN_TYPE = YES_ERROR;
				GCC_WARN_UNDECLARED_SELECTOR = YES;
				GCC_WARN_UNINITIALIZED_AUTOS = YES_AGGRESSIVE;
				GCC_WARN_UNUSED_FUNCTION = YES;
				GCC_WARN_UNUSED_VARIABLE = YES;
				IPHONEOS_DEPLOYMENT_TARGET = 7.0;
				PRODUCT_NAME = classalert;
				SDKROOT = iphoneos;
				TARGETED_DEVICE_FAMILY = "1,2";
				VALIDATE_PRODUCT = YES;
			};
			name = Release;
		};
		707F986A196899BC00D6E552 /* Debug */ = {
			isa = XCBuildConfiguration;
			buildSettings = {
				ASSETCATALOG_COMPILER_APPICON_NAME = AppIcon;
				ASSETCATALOG_COMPILER_LAUNCHIMAGE_NAME = LaunchImage;
				CODE_SIGN_IDENTITY = "iPhone Developer";
				"CODE_SIGN_IDENTITY[sdk=iphoneos*]" = "iPhone Developer";
				FRAMEWORK_SEARCH_PATHS = (
					"$(inherited)",
					/Users/bsuvorov/Documents/FacebookSDK,
					"$(PROJECT_DIR)/ClassNinja/Frameworks",
				);
				GCC_PRECOMPILE_PREFIX_HEADER = YES;
				GCC_PREFIX_HEADER = "ClassNinja/ClassNinja-Prefix.pch";
				INFOPLIST_FILE = "ClassNinja/ClassNinja-Info.plist";
				PROVISIONING_PROFILE = "";
				WRAPPER_EXTENSION = app;
			};
			name = Debug;
		};
		707F986B196899BC00D6E552 /* Release */ = {
			isa = XCBuildConfiguration;
			buildSettings = {
				ASSETCATALOG_COMPILER_APPICON_NAME = AppIcon;
				ASSETCATALOG_COMPILER_LAUNCHIMAGE_NAME = LaunchImage;
				CODE_SIGN_IDENTITY = "iPhone Developer";
				"CODE_SIGN_IDENTITY[sdk=iphoneos*]" = "iPhone Developer";
				FRAMEWORK_SEARCH_PATHS = (
					"$(inherited)",
					/Users/bsuvorov/Documents/FacebookSDK,
					"$(PROJECT_DIR)/ClassNinja/Frameworks",
				);
				GCC_PRECOMPILE_PREFIX_HEADER = YES;
				GCC_PREFIX_HEADER = "ClassNinja/ClassNinja-Prefix.pch";
				INFOPLIST_FILE = "ClassNinja/ClassNinja-Info.plist";
				PROVISIONING_PROFILE = "";
				WRAPPER_EXTENSION = app;
			};
			name = Release;
		};
/* End XCBuildConfiguration section */

/* Begin XCConfigurationList section */
		707F9838196899BC00D6E552 /* Build configuration list for PBXProject "ClassNinja" */ = {
			isa = XCConfigurationList;
			buildConfigurations = (
				707F9867196899BC00D6E552 /* Debug */,
				707F9868196899BC00D6E552 /* Release */,
			);
			defaultConfigurationIsVisible = 0;
			defaultConfigurationName = Release;
		};
		707F9869196899BC00D6E552 /* Build configuration list for PBXNativeTarget "ClassNinja" */ = {
			isa = XCConfigurationList;
			buildConfigurations = (
				707F986A196899BC00D6E552 /* Debug */,
				707F986B196899BC00D6E552 /* Release */,
			);
			defaultConfigurationIsVisible = 0;
			defaultConfigurationName = Release;
		};
/* End XCConfigurationList section */
	};
	rootObject = 707F9835196899BC00D6E552 /* Project object */;
}
