// !$*UTF8*$!
{
	archiveVersion = 1;
	classes = {
	};
	objectVersion = 46;
	objects = {

/* Begin PBXBuildFile section */
		7034437B19679F8800829CBF /* Foundation.framework in Frameworks */ = {isa = PBXBuildFile; fileRef = 7034437A19679F8800829CBF /* Foundation.framework */; };
		7034437D19679F8800829CBF /* CoreGraphics.framework in Frameworks */ = {isa = PBXBuildFile; fileRef = 7034437C19679F8800829CBF /* CoreGraphics.framework */; };
		7034437F19679F8800829CBF /* UIKit.framework in Frameworks */ = {isa = PBXBuildFile; fileRef = 7034437E19679F8800829CBF /* UIKit.framework */; };
		7034438519679F8800829CBF /* InfoPlist.strings in Resources */ = {isa = PBXBuildFile; fileRef = 7034438319679F8800829CBF /* InfoPlist.strings */; };
		7034438719679F8800829CBF /* main.m in Sources */ = {isa = PBXBuildFile; fileRef = 7034438619679F8800829CBF /* main.m */; };
		7034438B19679F8800829CBF /* CNAppDelegate.m in Sources */ = {isa = PBXBuildFile; fileRef = 7034438A19679F8800829CBF /* CNAppDelegate.m */; };
		7034438D19679F8800829CBF /* Images.xcassets in Resources */ = {isa = PBXBuildFile; fileRef = 7034438C19679F8800829CBF /* Images.xcassets */; };
		7034439419679F8800829CBF /* XCTest.framework in Frameworks */ = {isa = PBXBuildFile; fileRef = 7034439319679F8800829CBF /* XCTest.framework */; };
		7034439519679F8800829CBF /* Foundation.framework in Frameworks */ = {isa = PBXBuildFile; fileRef = 7034437A19679F8800829CBF /* Foundation.framework */; };
		7034439619679F8800829CBF /* UIKit.framework in Frameworks */ = {isa = PBXBuildFile; fileRef = 7034437E19679F8800829CBF /* UIKit.framework */; };
<<<<<<< HEAD
<<<<<<< HEAD
=======
>>>>>>> 010cac1... Add AFNetworking to the iOS project
		703444B81967A1BE00829CBF /* AFHTTPRequestOperation.m in Sources */ = {isa = PBXBuildFile; fileRef = 703444A61967A1BE00829CBF /* AFHTTPRequestOperation.m */; };
		703444B91967A1BE00829CBF /* AFHTTPRequestOperationManager.m in Sources */ = {isa = PBXBuildFile; fileRef = 703444A81967A1BE00829CBF /* AFHTTPRequestOperationManager.m */; };
		703444BA1967A1BE00829CBF /* AFHTTPSessionManager.m in Sources */ = {isa = PBXBuildFile; fileRef = 703444AA1967A1BE00829CBF /* AFHTTPSessionManager.m */; };
		703444BB1967A1BE00829CBF /* AFNetworkReachabilityManager.m in Sources */ = {isa = PBXBuildFile; fileRef = 703444AD1967A1BE00829CBF /* AFNetworkReachabilityManager.m */; };
		703444BC1967A1BE00829CBF /* AFSecurityPolicy.m in Sources */ = {isa = PBXBuildFile; fileRef = 703444AF1967A1BE00829CBF /* AFSecurityPolicy.m */; };
		703444BD1967A1BE00829CBF /* AFURLConnectionOperation.m in Sources */ = {isa = PBXBuildFile; fileRef = 703444B11967A1BE00829CBF /* AFURLConnectionOperation.m */; };
		703444BE1967A1BE00829CBF /* AFURLRequestSerialization.m in Sources */ = {isa = PBXBuildFile; fileRef = 703444B31967A1BE00829CBF /* AFURLRequestSerialization.m */; };
		703444BF1967A1BE00829CBF /* AFURLResponseSerialization.m in Sources */ = {isa = PBXBuildFile; fileRef = 703444B51967A1BE00829CBF /* AFURLResponseSerialization.m */; };
		703444C01967A1BE00829CBF /* AFURLSessionManager.m in Sources */ = {isa = PBXBuildFile; fileRef = 703444B71967A1BE00829CBF /* AFURLSessionManager.m */; };
<<<<<<< HEAD
<<<<<<< HEAD
		703444C31967A21000829CBF /* CNAPIClient.m in Sources */ = {isa = PBXBuildFile; fileRef = 703444C21967A21000829CBF /* CNAPIClient.m */; };
		707F98331967D4AB00D6E552 /* CNModels.m in Sources */ = {isa = PBXBuildFile; fileRef = 707F98321967D4AB00D6E552 /* CNModels.m */; };
=======
>>>>>>> 5f89f61... iOS app skeleton
=======
>>>>>>> 010cac1... Add AFNetworking to the iOS project
=======
		703444C31967A21000829CBF /* CNAPIClient.m in Sources */ = {isa = PBXBuildFile; fileRef = 703444C21967A21000829CBF /* CNAPIClient.m */; };
>>>>>>> b57d850... Implement dummy CNAPIClient. Test that it can hit server.
/* End PBXBuildFile section */

/* Begin PBXContainerItemProxy section */
		7034439719679F8800829CBF /* PBXContainerItemProxy */ = {
			isa = PBXContainerItemProxy;
			containerPortal = 7034436F19679F8800829CBF /* Project object */;
			proxyType = 1;
			remoteGlobalIDString = 7034437619679F8800829CBF;
			remoteInfo = "Class Ninja";
		};
/* End PBXContainerItemProxy section */

/* Begin PBXFileReference section */
		7034437719679F8800829CBF /* Class Ninja.app */ = {isa = PBXFileReference; explicitFileType = wrapper.application; includeInIndex = 0; path = "Class Ninja.app"; sourceTree = BUILT_PRODUCTS_DIR; };
		7034437A19679F8800829CBF /* Foundation.framework */ = {isa = PBXFileReference; lastKnownFileType = wrapper.framework; name = Foundation.framework; path = System/Library/Frameworks/Foundation.framework; sourceTree = SDKROOT; };
		7034437C19679F8800829CBF /* CoreGraphics.framework */ = {isa = PBXFileReference; lastKnownFileType = wrapper.framework; name = CoreGraphics.framework; path = System/Library/Frameworks/CoreGraphics.framework; sourceTree = SDKROOT; };
		7034437E19679F8800829CBF /* UIKit.framework */ = {isa = PBXFileReference; lastKnownFileType = wrapper.framework; name = UIKit.framework; path = System/Library/Frameworks/UIKit.framework; sourceTree = SDKROOT; };
		7034438219679F8800829CBF /* Class Ninja-Info.plist */ = {isa = PBXFileReference; lastKnownFileType = text.plist.xml; path = "Class Ninja-Info.plist"; sourceTree = "<group>"; };
		7034438419679F8800829CBF /* en */ = {isa = PBXFileReference; lastKnownFileType = text.plist.strings; name = en; path = en.lproj/InfoPlist.strings; sourceTree = "<group>"; };
		7034438619679F8800829CBF /* main.m */ = {isa = PBXFileReference; lastKnownFileType = sourcecode.c.objc; path = main.m; sourceTree = "<group>"; };
		7034438819679F8800829CBF /* Class Ninja-Prefix.pch */ = {isa = PBXFileReference; lastKnownFileType = sourcecode.c.h; path = "Class Ninja-Prefix.pch"; sourceTree = "<group>"; };
		7034438919679F8800829CBF /* CNAppDelegate.h */ = {isa = PBXFileReference; lastKnownFileType = sourcecode.c.h; path = CNAppDelegate.h; sourceTree = "<group>"; };
		7034438A19679F8800829CBF /* CNAppDelegate.m */ = {isa = PBXFileReference; lastKnownFileType = sourcecode.c.objc; path = CNAppDelegate.m; sourceTree = "<group>"; };
		7034438C19679F8800829CBF /* Images.xcassets */ = {isa = PBXFileReference; lastKnownFileType = folder.assetcatalog; path = Images.xcassets; sourceTree = "<group>"; };
		7034439219679F8800829CBF /* Class NinjaTests.xctest */ = {isa = PBXFileReference; explicitFileType = wrapper.cfbundle; includeInIndex = 0; path = "Class NinjaTests.xctest"; sourceTree = BUILT_PRODUCTS_DIR; };
		7034439319679F8800829CBF /* XCTest.framework */ = {isa = PBXFileReference; lastKnownFileType = wrapper.framework; name = XCTest.framework; path = Library/Frameworks/XCTest.framework; sourceTree = DEVELOPER_DIR; };
<<<<<<< HEAD
<<<<<<< HEAD
=======
>>>>>>> 010cac1... Add AFNetworking to the iOS project
		703444A51967A1BE00829CBF /* AFHTTPRequestOperation.h */ = {isa = PBXFileReference; fileEncoding = 4; lastKnownFileType = sourcecode.c.h; path = AFHTTPRequestOperation.h; sourceTree = "<group>"; };
		703444A61967A1BE00829CBF /* AFHTTPRequestOperation.m */ = {isa = PBXFileReference; fileEncoding = 4; lastKnownFileType = sourcecode.c.objc; path = AFHTTPRequestOperation.m; sourceTree = "<group>"; };
		703444A71967A1BE00829CBF /* AFHTTPRequestOperationManager.h */ = {isa = PBXFileReference; fileEncoding = 4; lastKnownFileType = sourcecode.c.h; path = AFHTTPRequestOperationManager.h; sourceTree = "<group>"; };
		703444A81967A1BE00829CBF /* AFHTTPRequestOperationManager.m */ = {isa = PBXFileReference; fileEncoding = 4; lastKnownFileType = sourcecode.c.objc; path = AFHTTPRequestOperationManager.m; sourceTree = "<group>"; };
		703444A91967A1BE00829CBF /* AFHTTPSessionManager.h */ = {isa = PBXFileReference; fileEncoding = 4; lastKnownFileType = sourcecode.c.h; path = AFHTTPSessionManager.h; sourceTree = "<group>"; };
		703444AA1967A1BE00829CBF /* AFHTTPSessionManager.m */ = {isa = PBXFileReference; fileEncoding = 4; lastKnownFileType = sourcecode.c.objc; path = AFHTTPSessionManager.m; sourceTree = "<group>"; };
		703444AB1967A1BE00829CBF /* AFNetworking.h */ = {isa = PBXFileReference; fileEncoding = 4; lastKnownFileType = sourcecode.c.h; path = AFNetworking.h; sourceTree = "<group>"; };
		703444AC1967A1BE00829CBF /* AFNetworkReachabilityManager.h */ = {isa = PBXFileReference; fileEncoding = 4; lastKnownFileType = sourcecode.c.h; path = AFNetworkReachabilityManager.h; sourceTree = "<group>"; };
		703444AD1967A1BE00829CBF /* AFNetworkReachabilityManager.m */ = {isa = PBXFileReference; fileEncoding = 4; lastKnownFileType = sourcecode.c.objc; path = AFNetworkReachabilityManager.m; sourceTree = "<group>"; };
		703444AE1967A1BE00829CBF /* AFSecurityPolicy.h */ = {isa = PBXFileReference; fileEncoding = 4; lastKnownFileType = sourcecode.c.h; path = AFSecurityPolicy.h; sourceTree = "<group>"; };
		703444AF1967A1BE00829CBF /* AFSecurityPolicy.m */ = {isa = PBXFileReference; fileEncoding = 4; lastKnownFileType = sourcecode.c.objc; path = AFSecurityPolicy.m; sourceTree = "<group>"; };
		703444B01967A1BE00829CBF /* AFURLConnectionOperation.h */ = {isa = PBXFileReference; fileEncoding = 4; lastKnownFileType = sourcecode.c.h; path = AFURLConnectionOperation.h; sourceTree = "<group>"; };
		703444B11967A1BE00829CBF /* AFURLConnectionOperation.m */ = {isa = PBXFileReference; fileEncoding = 4; lastKnownFileType = sourcecode.c.objc; path = AFURLConnectionOperation.m; sourceTree = "<group>"; };
		703444B21967A1BE00829CBF /* AFURLRequestSerialization.h */ = {isa = PBXFileReference; fileEncoding = 4; lastKnownFileType = sourcecode.c.h; path = AFURLRequestSerialization.h; sourceTree = "<group>"; };
		703444B31967A1BE00829CBF /* AFURLRequestSerialization.m */ = {isa = PBXFileReference; fileEncoding = 4; lastKnownFileType = sourcecode.c.objc; path = AFURLRequestSerialization.m; sourceTree = "<group>"; };
		703444B41967A1BE00829CBF /* AFURLResponseSerialization.h */ = {isa = PBXFileReference; fileEncoding = 4; lastKnownFileType = sourcecode.c.h; path = AFURLResponseSerialization.h; sourceTree = "<group>"; };
		703444B51967A1BE00829CBF /* AFURLResponseSerialization.m */ = {isa = PBXFileReference; fileEncoding = 4; lastKnownFileType = sourcecode.c.objc; path = AFURLResponseSerialization.m; sourceTree = "<group>"; };
		703444B61967A1BE00829CBF /* AFURLSessionManager.h */ = {isa = PBXFileReference; fileEncoding = 4; lastKnownFileType = sourcecode.c.h; path = AFURLSessionManager.h; sourceTree = "<group>"; };
		703444B71967A1BE00829CBF /* AFURLSessionManager.m */ = {isa = PBXFileReference; fileEncoding = 4; lastKnownFileType = sourcecode.c.objc; path = AFURLSessionManager.m; sourceTree = "<group>"; };
<<<<<<< HEAD
<<<<<<< HEAD
		703444C11967A21000829CBF /* CNAPIClient.h */ = {isa = PBXFileReference; fileEncoding = 4; lastKnownFileType = sourcecode.c.h; path = CNAPIClient.h; sourceTree = "<group>"; };
		703444C21967A21000829CBF /* CNAPIClient.m */ = {isa = PBXFileReference; fileEncoding = 4; lastKnownFileType = sourcecode.c.objc; path = CNAPIClient.m; sourceTree = "<group>"; };
		707F98311967D4AB00D6E552 /* CNModels.h */ = {isa = PBXFileReference; fileEncoding = 4; lastKnownFileType = sourcecode.c.h; path = CNModels.h; sourceTree = "<group>"; };
		707F98321967D4AB00D6E552 /* CNModels.m */ = {isa = PBXFileReference; fileEncoding = 4; lastKnownFileType = sourcecode.c.objc; path = CNModels.m; sourceTree = "<group>"; };
=======
>>>>>>> 5f89f61... iOS app skeleton
=======
>>>>>>> 010cac1... Add AFNetworking to the iOS project
=======
		703444C11967A21000829CBF /* CNAPIClient.h */ = {isa = PBXFileReference; fileEncoding = 4; lastKnownFileType = sourcecode.c.h; path = CNAPIClient.h; sourceTree = "<group>"; };
		703444C21967A21000829CBF /* CNAPIClient.m */ = {isa = PBXFileReference; fileEncoding = 4; lastKnownFileType = sourcecode.c.objc; path = CNAPIClient.m; sourceTree = "<group>"; };
>>>>>>> b57d850... Implement dummy CNAPIClient. Test that it can hit server.
/* End PBXFileReference section */

/* Begin PBXFrameworksBuildPhase section */
		7034437419679F8800829CBF /* Frameworks */ = {
			isa = PBXFrameworksBuildPhase;
			buildActionMask = 2147483647;
			files = (
				7034437D19679F8800829CBF /* CoreGraphics.framework in Frameworks */,
				7034437F19679F8800829CBF /* UIKit.framework in Frameworks */,
				7034437B19679F8800829CBF /* Foundation.framework in Frameworks */,
			);
			runOnlyForDeploymentPostprocessing = 0;
		};
		7034438F19679F8800829CBF /* Frameworks */ = {
			isa = PBXFrameworksBuildPhase;
			buildActionMask = 2147483647;
			files = (
				7034439419679F8800829CBF /* XCTest.framework in Frameworks */,
				7034439619679F8800829CBF /* UIKit.framework in Frameworks */,
				7034439519679F8800829CBF /* Foundation.framework in Frameworks */,
			);
			runOnlyForDeploymentPostprocessing = 0;
		};
/* End PBXFrameworksBuildPhase section */

/* Begin PBXGroup section */
		7034436E19679F8800829CBF = {
			isa = PBXGroup;
			children = (
				7034438019679F8800829CBF /* Class Ninja */,
				7034437919679F8800829CBF /* Frameworks */,
<<<<<<< HEAD
<<<<<<< HEAD
				703443AA1967A1A600829CBF /* Libraries */,
=======
>>>>>>> 5f89f61... iOS app skeleton
=======
				703443AA1967A1A600829CBF /* Libraries */,
>>>>>>> 010cac1... Add AFNetworking to the iOS project
				7034437819679F8800829CBF /* Products */,
			);
			sourceTree = "<group>";
		};
		7034437819679F8800829CBF /* Products */ = {
			isa = PBXGroup;
			children = (
				7034437719679F8800829CBF /* Class Ninja.app */,
				7034439219679F8800829CBF /* Class NinjaTests.xctest */,
			);
			name = Products;
			sourceTree = "<group>";
		};
		7034437919679F8800829CBF /* Frameworks */ = {
			isa = PBXGroup;
			children = (
				7034437A19679F8800829CBF /* Foundation.framework */,
				7034437C19679F8800829CBF /* CoreGraphics.framework */,
				7034437E19679F8800829CBF /* UIKit.framework */,
				7034439319679F8800829CBF /* XCTest.framework */,
			);
			name = Frameworks;
			sourceTree = "<group>";
		};
		7034438019679F8800829CBF /* Class Ninja */ = {
			isa = PBXGroup;
			children = (
<<<<<<< HEAD
				707F982D1967D40A00D6E552 /* Models */,
=======
>>>>>>> 5f89f61... iOS app skeleton
				7034438919679F8800829CBF /* CNAppDelegate.h */,
				7034438A19679F8800829CBF /* CNAppDelegate.m */,
				7034438C19679F8800829CBF /* Images.xcassets */,
				7034438119679F8800829CBF /* Supporting Files */,
<<<<<<< HEAD
<<<<<<< HEAD
				703444C11967A21000829CBF /* CNAPIClient.h */,
				703444C21967A21000829CBF /* CNAPIClient.m */,
=======
>>>>>>> 5f89f61... iOS app skeleton
=======
				703444C11967A21000829CBF /* CNAPIClient.h */,
				703444C21967A21000829CBF /* CNAPIClient.m */,
>>>>>>> b57d850... Implement dummy CNAPIClient. Test that it can hit server.
			);
			path = "Class Ninja";
			sourceTree = "<group>";
		};
		7034438119679F8800829CBF /* Supporting Files */ = {
			isa = PBXGroup;
			children = (
				7034438219679F8800829CBF /* Class Ninja-Info.plist */,
				7034438319679F8800829CBF /* InfoPlist.strings */,
				7034438619679F8800829CBF /* main.m */,
				7034438819679F8800829CBF /* Class Ninja-Prefix.pch */,
			);
			name = "Supporting Files";
			sourceTree = "<group>";
		};
<<<<<<< HEAD
<<<<<<< HEAD
=======
>>>>>>> 010cac1... Add AFNetworking to the iOS project
		703443AA1967A1A600829CBF /* Libraries */ = {
			isa = PBXGroup;
			children = (
				703444A41967A1BE00829CBF /* AFNetworking */,
			);
			name = Libraries;
			path = "Class Ninja/Libraries";
			sourceTree = "<group>";
		};
		703444A41967A1BE00829CBF /* AFNetworking */ = {
			isa = PBXGroup;
			children = (
				703444A51967A1BE00829CBF /* AFHTTPRequestOperation.h */,
				703444A61967A1BE00829CBF /* AFHTTPRequestOperation.m */,
				703444A71967A1BE00829CBF /* AFHTTPRequestOperationManager.h */,
				703444A81967A1BE00829CBF /* AFHTTPRequestOperationManager.m */,
				703444A91967A1BE00829CBF /* AFHTTPSessionManager.h */,
				703444AA1967A1BE00829CBF /* AFHTTPSessionManager.m */,
				703444AB1967A1BE00829CBF /* AFNetworking.h */,
				703444AC1967A1BE00829CBF /* AFNetworkReachabilityManager.h */,
				703444AD1967A1BE00829CBF /* AFNetworkReachabilityManager.m */,
				703444AE1967A1BE00829CBF /* AFSecurityPolicy.h */,
				703444AF1967A1BE00829CBF /* AFSecurityPolicy.m */,
				703444B01967A1BE00829CBF /* AFURLConnectionOperation.h */,
				703444B11967A1BE00829CBF /* AFURLConnectionOperation.m */,
				703444B21967A1BE00829CBF /* AFURLRequestSerialization.h */,
				703444B31967A1BE00829CBF /* AFURLRequestSerialization.m */,
				703444B41967A1BE00829CBF /* AFURLResponseSerialization.h */,
				703444B51967A1BE00829CBF /* AFURLResponseSerialization.m */,
				703444B61967A1BE00829CBF /* AFURLSessionManager.h */,
				703444B71967A1BE00829CBF /* AFURLSessionManager.m */,
			);
			name = AFNetworking;
			path = AFNetworking/AFNetworking;
			sourceTree = "<group>";
		};
<<<<<<< HEAD
		707F982D1967D40A00D6E552 /* Models */ = {
			isa = PBXGroup;
			children = (
				707F98311967D4AB00D6E552 /* CNModels.h */,
				707F98321967D4AB00D6E552 /* CNModels.m */,
			);
			name = Models;
			sourceTree = "<group>";
		};
=======
>>>>>>> 5f89f61... iOS app skeleton
=======
>>>>>>> 010cac1... Add AFNetworking to the iOS project
/* End PBXGroup section */

/* Begin PBXNativeTarget section */
		7034437619679F8800829CBF /* Class Ninja */ = {
			isa = PBXNativeTarget;
			buildConfigurationList = 703443A319679F8800829CBF /* Build configuration list for PBXNativeTarget "Class Ninja" */;
			buildPhases = (
				7034437319679F8800829CBF /* Sources */,
				7034437419679F8800829CBF /* Frameworks */,
				7034437519679F8800829CBF /* Resources */,
			);
			buildRules = (
			);
			dependencies = (
			);
			name = "Class Ninja";
			productName = "Class Ninja";
			productReference = 7034437719679F8800829CBF /* Class Ninja.app */;
			productType = "com.apple.product-type.application";
		};
		7034439119679F8800829CBF /* Class NinjaTests */ = {
			isa = PBXNativeTarget;
			buildConfigurationList = 703443A619679F8800829CBF /* Build configuration list for PBXNativeTarget "Class NinjaTests" */;
			buildPhases = (
				7034438E19679F8800829CBF /* Sources */,
				7034438F19679F8800829CBF /* Frameworks */,
				7034439019679F8800829CBF /* Resources */,
			);
			buildRules = (
			);
			dependencies = (
				7034439819679F8800829CBF /* PBXTargetDependency */,
			);
			name = "Class NinjaTests";
			productName = "Class NinjaTests";
			productReference = 7034439219679F8800829CBF /* Class NinjaTests.xctest */;
			productType = "com.apple.product-type.bundle.unit-test";
		};
/* End PBXNativeTarget section */

/* Begin PBXProject section */
		7034436F19679F8800829CBF /* Project object */ = {
			isa = PBXProject;
			attributes = {
				CLASSPREFIX = CN;
				LastUpgradeCheck = 0510;
				ORGANIZATIONNAME = Bova;
				TargetAttributes = {
					7034439119679F8800829CBF = {
						TestTargetID = 7034437619679F8800829CBF;
					};
				};
			};
			buildConfigurationList = 7034437219679F8800829CBF /* Build configuration list for PBXProject "Class Ninja" */;
			compatibilityVersion = "Xcode 3.2";
			developmentRegion = English;
			hasScannedForEncodings = 0;
			knownRegions = (
				en,
			);
			mainGroup = 7034436E19679F8800829CBF;
			productRefGroup = 7034437819679F8800829CBF /* Products */;
			projectDirPath = "";
			projectRoot = "";
			targets = (
				7034437619679F8800829CBF /* Class Ninja */,
				7034439119679F8800829CBF /* Class NinjaTests */,
			);
		};
/* End PBXProject section */

/* Begin PBXResourcesBuildPhase section */
		7034437519679F8800829CBF /* Resources */ = {
			isa = PBXResourcesBuildPhase;
			buildActionMask = 2147483647;
			files = (
				7034438519679F8800829CBF /* InfoPlist.strings in Resources */,
				7034438D19679F8800829CBF /* Images.xcassets in Resources */,
			);
			runOnlyForDeploymentPostprocessing = 0;
		};
		7034439019679F8800829CBF /* Resources */ = {
			isa = PBXResourcesBuildPhase;
			buildActionMask = 2147483647;
			files = (
			);
			runOnlyForDeploymentPostprocessing = 0;
		};
/* End PBXResourcesBuildPhase section */

/* Begin PBXSourcesBuildPhase section */
		7034437319679F8800829CBF /* Sources */ = {
			isa = PBXSourcesBuildPhase;
			buildActionMask = 2147483647;
			files = (
<<<<<<< HEAD
<<<<<<< HEAD
=======
>>>>>>> 010cac1... Add AFNetworking to the iOS project
				703444BE1967A1BE00829CBF /* AFURLRequestSerialization.m in Sources */,
				703444BD1967A1BE00829CBF /* AFURLConnectionOperation.m in Sources */,
				703444BC1967A1BE00829CBF /* AFSecurityPolicy.m in Sources */,
				703444B81967A1BE00829CBF /* AFHTTPRequestOperation.m in Sources */,
				703444C01967A1BE00829CBF /* AFURLSessionManager.m in Sources */,
				703444BF1967A1BE00829CBF /* AFURLResponseSerialization.m in Sources */,
<<<<<<< HEAD
				7034438719679F8800829CBF /* main.m in Sources */,
				707F98331967D4AB00D6E552 /* CNModels.m in Sources */,
				703444BA1967A1BE00829CBF /* AFHTTPSessionManager.m in Sources */,
				703444B91967A1BE00829CBF /* AFHTTPRequestOperationManager.m in Sources */,
				703444BB1967A1BE00829CBF /* AFNetworkReachabilityManager.m in Sources */,
				703444C31967A21000829CBF /* CNAPIClient.m in Sources */,
<<<<<<< HEAD
=======
				7034438719679F8800829CBF /* main.m in Sources */,
>>>>>>> 5f89f61... iOS app skeleton
=======
				7034438719679F8800829CBF /* main.m in Sources */,
				703444BA1967A1BE00829CBF /* AFHTTPSessionManager.m in Sources */,
				703444B91967A1BE00829CBF /* AFHTTPRequestOperationManager.m in Sources */,
				703444BB1967A1BE00829CBF /* AFNetworkReachabilityManager.m in Sources */,
>>>>>>> 010cac1... Add AFNetworking to the iOS project
=======
>>>>>>> b57d850... Implement dummy CNAPIClient. Test that it can hit server.
				7034438B19679F8800829CBF /* CNAppDelegate.m in Sources */,
			);
			runOnlyForDeploymentPostprocessing = 0;
		};
		7034438E19679F8800829CBF /* Sources */ = {
			isa = PBXSourcesBuildPhase;
			buildActionMask = 2147483647;
			files = (
			);
			runOnlyForDeploymentPostprocessing = 0;
		};
/* End PBXSourcesBuildPhase section */

/* Begin PBXTargetDependency section */
		7034439819679F8800829CBF /* PBXTargetDependency */ = {
			isa = PBXTargetDependency;
			target = 7034437619679F8800829CBF /* Class Ninja */;
			targetProxy = 7034439719679F8800829CBF /* PBXContainerItemProxy */;
		};
/* End PBXTargetDependency section */

/* Begin PBXVariantGroup section */
		7034438319679F8800829CBF /* InfoPlist.strings */ = {
			isa = PBXVariantGroup;
			children = (
				7034438419679F8800829CBF /* en */,
			);
			name = InfoPlist.strings;
			sourceTree = "<group>";
		};
/* End PBXVariantGroup section */

/* Begin XCBuildConfiguration section */
		703443A119679F8800829CBF /* Debug */ = {
			isa = XCBuildConfiguration;
			buildSettings = {
				ALWAYS_SEARCH_USER_PATHS = NO;
				CLANG_CXX_LANGUAGE_STANDARD = "gnu++0x";
				CLANG_CXX_LIBRARY = "libc++";
				CLANG_ENABLE_MODULES = YES;
				CLANG_ENABLE_OBJC_ARC = YES;
				CLANG_WARN_BOOL_CONVERSION = YES;
				CLANG_WARN_CONSTANT_CONVERSION = YES;
				CLANG_WARN_DIRECT_OBJC_ISA_USAGE = YES_ERROR;
				CLANG_WARN_EMPTY_BODY = YES;
				CLANG_WARN_ENUM_CONVERSION = YES;
				CLANG_WARN_INT_CONVERSION = YES;
				CLANG_WARN_OBJC_ROOT_CLASS = YES_ERROR;
				CLANG_WARN__DUPLICATE_METHOD_MATCH = YES;
				"CODE_SIGN_IDENTITY[sdk=iphoneos*]" = "iPhone Developer";
				COPY_PHASE_STRIP = NO;
				GCC_C_LANGUAGE_STANDARD = gnu99;
				GCC_DYNAMIC_NO_PIC = NO;
				GCC_OPTIMIZATION_LEVEL = 0;
				GCC_PREPROCESSOR_DEFINITIONS = (
					"DEBUG=1",
					"$(inherited)",
				);
				GCC_SYMBOLS_PRIVATE_EXTERN = NO;
				GCC_WARN_64_TO_32_BIT_CONVERSION = YES;
				GCC_WARN_ABOUT_RETURN_TYPE = YES_ERROR;
				GCC_WARN_UNDECLARED_SELECTOR = YES;
				GCC_WARN_UNINITIALIZED_AUTOS = YES_AGGRESSIVE;
				GCC_WARN_UNUSED_FUNCTION = YES;
				GCC_WARN_UNUSED_VARIABLE = YES;
				IPHONEOS_DEPLOYMENT_TARGET = 7.1;
				ONLY_ACTIVE_ARCH = YES;
				SDKROOT = iphoneos;
				TARGETED_DEVICE_FAMILY = "1,2";
			};
			name = Debug;
		};
		703443A219679F8800829CBF /* Release */ = {
			isa = XCBuildConfiguration;
			buildSettings = {
				ALWAYS_SEARCH_USER_PATHS = NO;
				CLANG_CXX_LANGUAGE_STANDARD = "gnu++0x";
				CLANG_CXX_LIBRARY = "libc++";
				CLANG_ENABLE_MODULES = YES;
				CLANG_ENABLE_OBJC_ARC = YES;
				CLANG_WARN_BOOL_CONVERSION = YES;
				CLANG_WARN_CONSTANT_CONVERSION = YES;
				CLANG_WARN_DIRECT_OBJC_ISA_USAGE = YES_ERROR;
				CLANG_WARN_EMPTY_BODY = YES;
				CLANG_WARN_ENUM_CONVERSION = YES;
				CLANG_WARN_INT_CONVERSION = YES;
				CLANG_WARN_OBJC_ROOT_CLASS = YES_ERROR;
				CLANG_WARN__DUPLICATE_METHOD_MATCH = YES;
				"CODE_SIGN_IDENTITY[sdk=iphoneos*]" = "iPhone Developer";
				COPY_PHASE_STRIP = YES;
				ENABLE_NS_ASSERTIONS = NO;
				GCC_C_LANGUAGE_STANDARD = gnu99;
				GCC_WARN_64_TO_32_BIT_CONVERSION = YES;
				GCC_WARN_ABOUT_RETURN_TYPE = YES_ERROR;
				GCC_WARN_UNDECLARED_SELECTOR = YES;
				GCC_WARN_UNINITIALIZED_AUTOS = YES_AGGRESSIVE;
				GCC_WARN_UNUSED_FUNCTION = YES;
				GCC_WARN_UNUSED_VARIABLE = YES;
				IPHONEOS_DEPLOYMENT_TARGET = 7.1;
				SDKROOT = iphoneos;
				TARGETED_DEVICE_FAMILY = "1,2";
				VALIDATE_PRODUCT = YES;
			};
			name = Release;
		};
		703443A419679F8800829CBF /* Debug */ = {
			isa = XCBuildConfiguration;
			buildSettings = {
				ASSETCATALOG_COMPILER_APPICON_NAME = AppIcon;
				ASSETCATALOG_COMPILER_LAUNCHIMAGE_NAME = LaunchImage;
				GCC_PRECOMPILE_PREFIX_HEADER = YES;
				GCC_PREFIX_HEADER = "Class Ninja/Class Ninja-Prefix.pch";
				INFOPLIST_FILE = "Class Ninja/Class Ninja-Info.plist";
				PRODUCT_NAME = "$(TARGET_NAME)";
				WRAPPER_EXTENSION = app;
			};
			name = Debug;
		};
		703443A519679F8800829CBF /* Release */ = {
			isa = XCBuildConfiguration;
			buildSettings = {
				ASSETCATALOG_COMPILER_APPICON_NAME = AppIcon;
				ASSETCATALOG_COMPILER_LAUNCHIMAGE_NAME = LaunchImage;
				GCC_PRECOMPILE_PREFIX_HEADER = YES;
				GCC_PREFIX_HEADER = "Class Ninja/Class Ninja-Prefix.pch";
				INFOPLIST_FILE = "Class Ninja/Class Ninja-Info.plist";
				PRODUCT_NAME = "$(TARGET_NAME)";
				WRAPPER_EXTENSION = app;
			};
			name = Release;
		};
		703443A719679F8800829CBF /* Debug */ = {
			isa = XCBuildConfiguration;
			buildSettings = {
				BUNDLE_LOADER = "$(BUILT_PRODUCTS_DIR)/Class Ninja.app/Class Ninja";
				FRAMEWORK_SEARCH_PATHS = (
					"$(SDKROOT)/Developer/Library/Frameworks",
					"$(inherited)",
					"$(DEVELOPER_FRAMEWORKS_DIR)",
				);
				GCC_PRECOMPILE_PREFIX_HEADER = YES;
				GCC_PREFIX_HEADER = "Class Ninja/Class Ninja-Prefix.pch";
				GCC_PREPROCESSOR_DEFINITIONS = (
					"DEBUG=1",
					"$(inherited)",
				);
				INFOPLIST_FILE = "Class NinjaTests/Class NinjaTests-Info.plist";
				PRODUCT_NAME = "$(TARGET_NAME)";
				TEST_HOST = "$(BUNDLE_LOADER)";
				WRAPPER_EXTENSION = xctest;
			};
			name = Debug;
		};
		703443A819679F8800829CBF /* Release */ = {
			isa = XCBuildConfiguration;
			buildSettings = {
				BUNDLE_LOADER = "$(BUILT_PRODUCTS_DIR)/Class Ninja.app/Class Ninja";
				FRAMEWORK_SEARCH_PATHS = (
					"$(SDKROOT)/Developer/Library/Frameworks",
					"$(inherited)",
					"$(DEVELOPER_FRAMEWORKS_DIR)",
				);
				GCC_PRECOMPILE_PREFIX_HEADER = YES;
				GCC_PREFIX_HEADER = "Class Ninja/Class Ninja-Prefix.pch";
				INFOPLIST_FILE = "Class NinjaTests/Class NinjaTests-Info.plist";
				PRODUCT_NAME = "$(TARGET_NAME)";
				TEST_HOST = "$(BUNDLE_LOADER)";
				WRAPPER_EXTENSION = xctest;
			};
			name = Release;
		};
/* End XCBuildConfiguration section */

/* Begin XCConfigurationList section */
		7034437219679F8800829CBF /* Build configuration list for PBXProject "Class Ninja" */ = {
			isa = XCConfigurationList;
			buildConfigurations = (
				703443A119679F8800829CBF /* Debug */,
				703443A219679F8800829CBF /* Release */,
			);
			defaultConfigurationIsVisible = 0;
			defaultConfigurationName = Release;
		};
		703443A319679F8800829CBF /* Build configuration list for PBXNativeTarget "Class Ninja" */ = {
			isa = XCConfigurationList;
			buildConfigurations = (
				703443A419679F8800829CBF /* Debug */,
				703443A519679F8800829CBF /* Release */,
			);
			defaultConfigurationIsVisible = 0;
<<<<<<< HEAD
			defaultConfigurationName = Release;
=======
>>>>>>> 5f89f61... iOS app skeleton
		};
		703443A619679F8800829CBF /* Build configuration list for PBXNativeTarget "Class NinjaTests" */ = {
			isa = XCConfigurationList;
			buildConfigurations = (
				703443A719679F8800829CBF /* Debug */,
				703443A819679F8800829CBF /* Release */,
			);
			defaultConfigurationIsVisible = 0;
<<<<<<< HEAD
			defaultConfigurationName = Release;
=======
>>>>>>> 5f89f61... iOS app skeleton
		};
/* End XCConfigurationList section */
	};
	rootObject = 7034436F19679F8800829CBF /* Project object */;
}
